
Microsoft Visual Studio Solution File, Format Version 12.00
# Visual Studio Version 17
VisualStudioVersion = 17.4.33213.308
MinimumVisualStudioVersion = 10.0.40219.1
Project("{FAE04EC0-301F-11D3-BF4B-00C04F79EFBC}") = "CalculateAreaOfDiffShapes", "CalculateAreaOfDiffShapes\CalculateAreaOfDiffShapes.csproj", "{A7265B0E-AFE5-4164-9E2D-65FE4D2450E2}"
EndProject
Project("{FAE04EC0-301F-11D3-BF4B-00C04F79EFBC}") = "Utility", "Utility\Utility.csproj", "{E9288FC7-2C1B-4554-817A-B798CB4B7190}"
EndProject
Project("{FAE04EC0-301F-11D3-BF4B-00C04F79EFBC}") = "TestProject1", "TestProject1\TestProject1.csproj", "{ADD60854-BD2D-4196-88B9-82C5B0F0F166}"
EndProject
Global
	GlobalSection(SolutionConfigurationPlatforms) = preSolution
		Debug|Any CPU = Debug|Any CPU
		Release|Any CPU = Release|Any CPU
	EndGlobalSection
	GlobalSection(ProjectConfigurationPlatforms) = postSolution
		{A7265B0E-AFE5-4164-9E2D-65FE4D2450E2}.Debug|Any CPU.ActiveCfg = Debug|Any CPU
		{A7265B0E-AFE5-4164-9E2D-65FE4D2450E2}.Debug|Any CPU.Build.0 = Debug|Any CPU
		{A7265B0E-AFE5-4164-9E2D-65FE4D2450E2}.Release|Any CPU.ActiveCfg = Release|Any CPU
		{A7265B0E-AFE5-4164-9E2D-65FE4D2450E2}.Release|Any CPU.Build.0 = Release|Any CPU
		{E9288FC7-2C1B-4554-817A-B798CB4B7190}.Debug|Any CPU.ActiveCfg = Debug|Any CPU
		{E9288FC7-2C1B-4554-817A-B798CB4B7190}.Debug|Any CPU.Build.0 = Debug|Any CPU
		{E9288FC7-2C1B-4554-817A-B798CB4B7190}.Release|Any CPU.ActiveCfg = Release|Any CPU
		{E9288FC7-2C1B-4554-817A-B798CB4B7190}.Release|Any CPU.Build.0 = Release|Any CPU
		{ADD60854-BD2D-4196-88B9-82C5B0F0F166}.Debug|Any CPU.ActiveCfg = Debug|Any CPU
		{ADD60854-BD2D-4196-88B9-82C5B0F0F166}.Debug|Any CPU.Build.0 = Debug|Any CPU
		{ADD60854-BD2D-4196-88B9-82C5B0F0F166}.Release|Any CPU.ActiveCfg = Release|Any CPU
		{ADD60854-BD2D-4196-88B9-82C5B0F0F166}.Release|Any CPU.Build.0 = Release|Any CPU
	EndGlobalSection
	GlobalSection(SolutionProperties) = preSolution
		HideSolutionNode = FALSE
	EndGlobalSection
	GlobalSection(ExtensibilityGlobals) = postSolution
		SolutionGuid = {4938134F-3C02-48DA-94E8-7D8DF31546CD}
	EndGlobalSection
EndGlobal
